{
    "_readme": [
        "This file locks the dependencies of your project to a known state",
        "Read more about it at http://getcomposer.org/doc/01-basic-usage.md#composer-lock-the-lock-file"
    ],
    "hash": "e566b9355341800f4817691712fd56c7",
    "packages": [
        {
            "name": "yandex-money/yandex-money-sdk-php",
            "version": "v1.3.0",
            "source": {
                "type": "git",
                "url": "https://github.com/yandex-money/yandex-money-sdk-php.git",
                "reference": "4a222f5c0296e959903620a2ece62a4a94c90311"
            },
            "dist": {
                "type": "zip",
                "url": "https://api.github.com/repos/yandex-money/yandex-money-sdk-php/zipball/4a222f5c0296e959903620a2ece62a4a94c90311",
                "reference": "4a222f5c0296e959903620a2ece62a4a94c90311",
                "shasum": ""
            },
            "require": {
                "ext-curl": "*",
                "ext-json": "*",
                "php": ">=5.3.0"
            },
            "type": "library",
            "autoload": {
                "psr-0": {
                    "YandexMoney": [
                        "lib/"
                    ]
                }
            },
            "notification-url": "https://packagist.org/downloads/",
            "license": [
                "MIT"
            ],
            "authors": [
                {
                    "name": "Yandex.Money",
                    "homepage": "https://github.com/yandex-money/yandex-money-sdk-php/graphs/contributors"
                }
            ],
            "description": "Yandex.Money API SDK for PHP",
            "homepage": "https://github.com/yandex-money/yandex-money-sdk-php",
            "keywords": [
                "money",
                "payment",
                "php",
                "sdk",
                "yandex",
                "yandex.money"
            ],
            "time": "2014-03-18 13:54:57"
        }
    ],
    "packages-dev": [],
    "aliases": [],
    "minimum-stability": "stable",
    "stability-flags": [],
    "platform": [],
    "platform-dev": []
}
